
Microsoft Visual Studio Solution File, Format Version 12.00
# Visual Studio Version 17
VisualStudioVersion = 17.1.32228.430
MinimumVisualStudioVersion = 10.0.40219.1
Project("{2150E333-8FDC-42A3-9474-1A3956D46DE8}") = "SolutionItems", "SolutionItems", "{957D0E54-4595-4806-9BE5-157F19E1F962}"
	ProjectSection(SolutionItems) = preProject
		ServiceUrls.txt = ServiceUrls.txt
	EndProjectSection
EndProject
Project("{2150E333-8FDC-42A3-9474-1A3956D46DE8}") = "src", "src", "{5C1156C4-1D0C-45CA-AFC7-D6209CEDDF65}"
EndProject
Project("{2150E333-8FDC-42A3-9474-1A3956D46DE8}") = "ApiGateways", "ApiGateways", "{B1C522DC-D3E0-4328-BFBF-8552D780E5E7}"
EndProject
Project("{2150E333-8FDC-42A3-9474-1A3956D46DE8}") = "BuildingBlocks", "BuildingBlocks", "{9D4BFF2C-AC3B-4CE2-B2DE-07BCB1CEA2C9}"
EndProject
Project("{2150E333-8FDC-42A3-9474-1A3956D46DE8}") = "Clients", "Clients", "{C04D41C5-6172-4B8A-A566-F7998D8168C0}"
EndProject
Project("{2150E333-8FDC-42A3-9474-1A3956D46DE8}") = "Services", "Services", "{993ECCA1-5816-4FC6-886A-ECEA3934CFB4}"
EndProject
Project("{2150E333-8FDC-42A3-9474-1A3956D46DE8}") = "WebApps", "WebApps", "{B57A926D-A389-4549-A08F-582421D81259}"
EndProject
Project("{FAE04EC0-301F-11D3-BF4B-00C04F79EFBC}") = "WebApiGateway.Api", "src\ApiGateways\WebApiGateway.Api\WebApiGateway.Api.csproj", "{288ED5DD-5FF6-4116-B251-709CA37AAB6A}"
EndProject
Project("{2150E333-8FDC-42A3-9474-1A3956D46DE8}") = "Eventbus", "Eventbus", "{21C046B1-D285-48C3-A725-BCFB01C55553}"
EndProject
Project("{FAE04EC0-301F-11D3-BF4B-00C04F79EFBC}") = "Eventbus.Factory", "src\BuildingBlocks\EventBus\Eventbus.Factory\Eventbus.Factory.csproj", "{13785C41-F2A6-4E98-81D6-13B9A4EFF43F}"
EndProject
Project("{FAE04EC0-301F-11D3-BF4B-00C04F79EFBC}") = "EventBus.Base", "src\BuildingBlocks\EventBus\EventBus.Base\EventBus.Base.csproj", "{35A91C27-C789-49BC-A41C-D34D14C8DBC0}"
EndProject
Project("{FAE04EC0-301F-11D3-BF4B-00C04F79EFBC}") = "EventBus.AzureServiceBus", "src\BuildingBlocks\EventBus\EventBus.AzureServiceBus\EventBus.AzureServiceBus.csproj", "{45E3D0E4-AC58-464F-9920-826952FAA653}"
EndProject
Project("{FAE04EC0-301F-11D3-BF4B-00C04F79EFBC}") = "EventBus.RabbitMQ", "src\BuildingBlocks\EventBus\EventBus.RabbitMQ\EventBus.RabbitMQ.csproj", "{7C937003-6549-4175-B167-9D8D92268F97}"
EndProject
Project("{2150E333-8FDC-42A3-9474-1A3956D46DE8}") = "BlazorWebApp", "BlazorWebApp", "{DF77F308-61E4-4592-AF07-1549FAD001FC}"
EndProject
Project("{FAE04EC0-301F-11D3-BF4B-00C04F79EFBC}") = "WebApp", "src\Clients\BlazorWebApp\WebApp\WebApp.csproj", "{7DA06456-734C-4F71-9EDF-A605EA3B7EB5}"
EndProject
Project("{2150E333-8FDC-42A3-9474-1A3956D46DE8}") = "BasketService", "BasketService", "{4608074E-C8F0-4335-81FA-D85664CC1730}"
EndProject
Project("{FAE04EC0-301F-11D3-BF4B-00C04F79EFBC}") = "BasketService.Api", "src\Services\BasketService\BasketService.Api\BasketService.Api.csproj", "{A3FDB19F-C69B-42AB-839D-3146F8238B67}"
EndProject
Project("{2150E333-8FDC-42A3-9474-1A3956D46DE8}") = "CatalogService", "CatalogService", "{5EC6A5EA-5776-40D1-8B15-E14394B52292}"
EndProject
Project("{FAE04EC0-301F-11D3-BF4B-00C04F79EFBC}") = "CatalogService.Api", "src\Services\CatalogService\CatalogService.Api\CatalogService.Api.csproj", "{817B1A01-5511-4793-AFF8-29C014BAF0FC}"
EndProject
Project("{2150E333-8FDC-42A3-9474-1A3956D46DE8}") = "IdentityService", "IdentityService", "{DB22562D-182E-4CAD-AA5B-9FE04FEA7749}"
EndProject
Project("{FAE04EC0-301F-11D3-BF4B-00C04F79EFBC}") = "IdentityService.Api", "src\Services\IdentityService\IdentityService.Api\IdentityService.Api.csproj", "{6E7DBF00-7B8F-4221-BD54-4DADBE84DDA9}"
EndProject
Project("{2150E333-8FDC-42A3-9474-1A3956D46DE8}") = "NotificationService", "NotificationService", "{C437331D-BF5B-41B6-94C0-AD6BF0981194}"
EndProject
Project("{FAE04EC0-301F-11D3-BF4B-00C04F79EFBC}") = "NotificationWorkerService", "src\Services\NotificationService\NotificationWorkerService\NotificationWorkerService.csproj", "{C0D3DEEA-BF42-49A1-8B14-CCA884CF851E}"
EndProject
Project("{2150E333-8FDC-42A3-9474-1A3956D46DE8}") = "OrderService", "OrderService", "{75FD8075-2AA8-49D8-982E-F42E72FD3AE4}"
EndProject
Project("{FAE04EC0-301F-11D3-BF4B-00C04F79EFBC}") = "OrderService.Domain", "src\Services\OrderService\OrderService.Domain\OrderService.Domain.csproj", "{ECCEB716-06AB-46A3-A582-32298EBAD5FB}"
EndProject
Project("{FAE04EC0-301F-11D3-BF4B-00C04F79EFBC}") = "OrderService.Application", "src\Services\OrderService\OrderService.Application\OrderService.Application\OrderService.Application.csproj", "{3FAF31B2-FAB7-4742-9275-859C47190D3F}"
EndProject
Project("{FAE04EC0-301F-11D3-BF4B-00C04F79EFBC}") = "OrderService.Infastructure", "src\Services\OrderService\OrderService.Infastructure\OrderService.Infastructure.csproj", "{6C8AF291-BF7F-4154-9F78-0026CDBEC626}"
EndProject
Project("{FAE04EC0-301F-11D3-BF4B-00C04F79EFBC}") = "OrderService.Api", "src\Services\OrderService\OrderService.Api\OrderService.Api.csproj", "{55902A74-A242-491C-9741-675198973F68}"
EndProject
Project("{2150E333-8FDC-42A3-9474-1A3956D46DE8}") = "PaymentService", "PaymentService", "{29AF06BF-B5BA-41E7-B809-94509F066095}"
EndProject
Project("{FAE04EC0-301F-11D3-BF4B-00C04F79EFBC}") = "PaymentService.Api", "src\Services\PaymentService\PaymentService.Api\PaymentService.Api.csproj", "{6ED7382D-7518-4425-92E9-25CD397CE8E3}"
EndProject
Global
	GlobalSection(SolutionConfigurationPlatforms) = preSolution
		Debug|Any CPU = Debug|Any CPU
		Release|Any CPU = Release|Any CPU
	EndGlobalSection
	GlobalSection(ProjectConfigurationPlatforms) = postSolution
		{288ED5DD-5FF6-4116-B251-709CA37AAB6A}.Debug|Any CPU.ActiveCfg = Debug|Any CPU
		{288ED5DD-5FF6-4116-B251-709CA37AAB6A}.Debug|Any CPU.Build.0 = Debug|Any CPU
		{288ED5DD-5FF6-4116-B251-709CA37AAB6A}.Release|Any CPU.ActiveCfg = Release|Any CPU
		{288ED5DD-5FF6-4116-B251-709CA37AAB6A}.Release|Any CPU.Build.0 = Release|Any CPU
		{13785C41-F2A6-4E98-81D6-13B9A4EFF43F}.Debug|Any CPU.ActiveCfg = Debug|Any CPU
		{13785C41-F2A6-4E98-81D6-13B9A4EFF43F}.Debug|Any CPU.Build.0 = Debug|Any CPU
		{13785C41-F2A6-4E98-81D6-13B9A4EFF43F}.Release|Any CPU.ActiveCfg = Release|Any CPU
		{13785C41-F2A6-4E98-81D6-13B9A4EFF43F}.Release|Any CPU.Build.0 = Release|Any CPU
		{35A91C27-C789-49BC-A41C-D34D14C8DBC0}.Debug|Any CPU.ActiveCfg = Debug|Any CPU
		{35A91C27-C789-49BC-A41C-D34D14C8DBC0}.Debug|Any CPU.Build.0 = Debug|Any CPU
		{35A91C27-C789-49BC-A41C-D34D14C8DBC0}.Release|Any CPU.ActiveCfg = Release|Any CPU
		{35A91C27-C789-49BC-A41C-D34D14C8DBC0}.Release|Any CPU.Build.0 = Release|Any CPU
		{45E3D0E4-AC58-464F-9920-826952FAA653}.Debug|Any CPU.ActiveCfg = Debug|Any CPU
		{45E3D0E4-AC58-464F-9920-826952FAA653}.Debug|Any CPU.Build.0 = Debug|Any CPU
		{45E3D0E4-AC58-464F-9920-826952FAA653}.Release|Any CPU.ActiveCfg = Release|Any CPU
		{45E3D0E4-AC58-464F-9920-826952FAA653}.Release|Any CPU.Build.0 = Release|Any CPU
		{7C937003-6549-4175-B167-9D8D92268F97}.Debug|Any CPU.ActiveCfg = Debug|Any CPU
		{7C937003-6549-4175-B167-9D8D92268F97}.Debug|Any CPU.Build.0 = Debug|Any CPU
		{7C937003-6549-4175-B167-9D8D92268F97}.Release|Any CPU.ActiveCfg = Release|Any CPU
		{7C937003-6549-4175-B167-9D8D92268F97}.Release|Any CPU.Build.0 = Release|Any CPU
		{7DA06456-734C-4F71-9EDF-A605EA3B7EB5}.Debug|Any CPU.ActiveCfg = Debug|Any CPU
		{7DA06456-734C-4F71-9EDF-A605EA3B7EB5}.Debug|Any CPU.Build.0 = Debug|Any CPU
		{7DA06456-734C-4F71-9EDF-A605EA3B7EB5}.Release|Any CPU.ActiveCfg = Release|Any CPU
		{7DA06456-734C-4F71-9EDF-A605EA3B7EB5}.Release|Any CPU.Build.0 = Release|Any CPU
		{A3FDB19F-C69B-42AB-839D-3146F8238B67}.Debug|Any CPU.ActiveCfg = Debug|Any CPU
		{A3FDB19F-C69B-42AB-839D-3146F8238B67}.Debug|Any CPU.Build.0 = Debug|Any CPU
		{A3FDB19F-C69B-42AB-839D-3146F8238B67}.Release|Any CPU.ActiveCfg = Release|Any CPU
		{A3FDB19F-C69B-42AB-839D-3146F8238B67}.Release|Any CPU.Build.0 = Release|Any CPU
		{817B1A01-5511-4793-AFF8-29C014BAF0FC}.Debug|Any CPU.ActiveCfg = Debug|Any CPU
		{817B1A01-5511-4793-AFF8-29C014BAF0FC}.Debug|Any CPU.Build.0 = Debug|Any CPU
		{817B1A01-5511-4793-AFF8-29C014BAF0FC}.Release|Any CPU.ActiveCfg = Release|Any CPU
		{817B1A01-5511-4793-AFF8-29C014BAF0FC}.Release|Any CPU.Build.0 = Release|Any CPU
		{6E7DBF00-7B8F-4221-BD54-4DADBE84DDA9}.Debug|Any CPU.ActiveCfg = Debug|Any CPU
		{6E7DBF00-7B8F-4221-BD54-4DADBE84DDA9}.Debug|Any CPU.Build.0 = Debug|Any CPU
		{6E7DBF00-7B8F-4221-BD54-4DADBE84DDA9}.Release|Any CPU.ActiveCfg = Release|Any CPU
		{6E7DBF00-7B8F-4221-BD54-4DADBE84DDA9}.Release|Any CPU.Build.0 = Release|Any CPU
		{C0D3DEEA-BF42-49A1-8B14-CCA884CF851E}.Debug|Any CPU.ActiveCfg = Debug|Any CPU
		{C0D3DEEA-BF42-49A1-8B14-CCA884CF851E}.Debug|Any CPU.Build.0 = Debug|Any CPU
		{C0D3DEEA-BF42-49A1-8B14-CCA884CF851E}.Release|Any CPU.ActiveCfg = Release|Any CPU
		{C0D3DEEA-BF42-49A1-8B14-CCA884CF851E}.Release|Any CPU.Build.0 = Release|Any CPU
		{ECCEB716-06AB-46A3-A582-32298EBAD5FB}.Debug|Any CPU.ActiveCfg = Debug|Any CPU
		{ECCEB716-06AB-46A3-A582-32298EBAD5FB}.Debug|Any CPU.Build.0 = Debug|Any CPU
		{ECCEB716-06AB-46A3-A582-32298EBAD5FB}.Release|Any CPU.ActiveCfg = Release|Any CPU
		{ECCEB716-06AB-46A3-A582-32298EBAD5FB}.Release|Any CPU.Build.0 = Release|Any CPU
		{3FAF31B2-FAB7-4742-9275-859C47190D3F}.Debug|Any CPU.ActiveCfg = Debug|Any CPU
		{3FAF31B2-FAB7-4742-9275-859C47190D3F}.Debug|Any CPU.Build.0 = Debug|Any CPU
		{3FAF31B2-FAB7-4742-9275-859C47190D3F}.Release|Any CPU.ActiveCfg = Release|Any CPU
		{3FAF31B2-FAB7-4742-9275-859C47190D3F}.Release|Any CPU.Build.0 = Release|Any CPU
		{6C8AF291-BF7F-4154-9F78-0026CDBEC626}.Debug|Any CPU.ActiveCfg = Debug|Any CPU
		{6C8AF291-BF7F-4154-9F78-0026CDBEC626}.Debug|Any CPU.Build.0 = Debug|Any CPU
		{6C8AF291-BF7F-4154-9F78-0026CDBEC626}.Release|Any CPU.ActiveCfg = Release|Any CPU
		{6C8AF291-BF7F-4154-9F78-0026CDBEC626}.Release|Any CPU.Build.0 = Release|Any CPU
		{55902A74-A242-491C-9741-675198973F68}.Debug|Any CPU.ActiveCfg = Debug|Any CPU
		{55902A74-A242-491C-9741-675198973F68}.Debug|Any CPU.Build.0 = Debug|Any CPU
		{55902A74-A242-491C-9741-675198973F68}.Release|Any CPU.ActiveCfg = Release|Any CPU
		{55902A74-A242-491C-9741-675198973F68}.Release|Any CPU.Build.0 = Release|Any CPU
		{6ED7382D-7518-4425-92E9-25CD397CE8E3}.Debug|Any CPU.ActiveCfg = Debug|Any CPU
		{6ED7382D-7518-4425-92E9-25CD397CE8E3}.Debug|Any CPU.Build.0 = Debug|Any CPU
		{6ED7382D-7518-4425-92E9-25CD397CE8E3}.Release|Any CPU.ActiveCfg = Release|Any CPU
		{6ED7382D-7518-4425-92E9-25CD397CE8E3}.Release|Any CPU.Build.0 = Release|Any CPU
	EndGlobalSection
	GlobalSection(SolutionProperties) = preSolution
		HideSolutionNode = FALSE
	EndGlobalSection
	GlobalSection(NestedProjects) = preSolution
		{B1C522DC-D3E0-4328-BFBF-8552D780E5E7} = {5C1156C4-1D0C-45CA-AFC7-D6209CEDDF65}
		{9D4BFF2C-AC3B-4CE2-B2DE-07BCB1CEA2C9} = {5C1156C4-1D0C-45CA-AFC7-D6209CEDDF65}
		{C04D41C5-6172-4B8A-A566-F7998D8168C0} = {5C1156C4-1D0C-45CA-AFC7-D6209CEDDF65}
		{993ECCA1-5816-4FC6-886A-ECEA3934CFB4} = {5C1156C4-1D0C-45CA-AFC7-D6209CEDDF65}
		{B57A926D-A389-4549-A08F-582421D81259} = {B1C522DC-D3E0-4328-BFBF-8552D780E5E7}
		{288ED5DD-5FF6-4116-B251-709CA37AAB6A} = {B57A926D-A389-4549-A08F-582421D81259}
		{21C046B1-D285-48C3-A725-BCFB01C55553} = {9D4BFF2C-AC3B-4CE2-B2DE-07BCB1CEA2C9}
		{13785C41-F2A6-4E98-81D6-13B9A4EFF43F} = {21C046B1-D285-48C3-A725-BCFB01C55553}
		{35A91C27-C789-49BC-A41C-D34D14C8DBC0} = {21C046B1-D285-48C3-A725-BCFB01C55553}
		{45E3D0E4-AC58-464F-9920-826952FAA653} = {21C046B1-D285-48C3-A725-BCFB01C55553}
		{7C937003-6549-4175-B167-9D8D92268F97} = {21C046B1-D285-48C3-A725-BCFB01C55553}
		{DF77F308-61E4-4592-AF07-1549FAD001FC} = {C04D41C5-6172-4B8A-A566-F7998D8168C0}
		{7DA06456-734C-4F71-9EDF-A605EA3B7EB5} = {DF77F308-61E4-4592-AF07-1549FAD001FC}
		{4608074E-C8F0-4335-81FA-D85664CC1730} = {993ECCA1-5816-4FC6-886A-ECEA3934CFB4}
		{A3FDB19F-C69B-42AB-839D-3146F8238B67} = {4608074E-C8F0-4335-81FA-D85664CC1730}
		{5EC6A5EA-5776-40D1-8B15-E14394B52292} = {993ECCA1-5816-4FC6-886A-ECEA3934CFB4}
		{817B1A01-5511-4793-AFF8-29C014BAF0FC} = {5EC6A5EA-5776-40D1-8B15-E14394B52292}
		{DB22562D-182E-4CAD-AA5B-9FE04FEA7749} = {993ECCA1-5816-4FC6-886A-ECEA3934CFB4}
		{6E7DBF00-7B8F-4221-BD54-4DADBE84DDA9} = {DB22562D-182E-4CAD-AA5B-9FE04FEA7749}
		{C437331D-BF5B-41B6-94C0-AD6BF0981194} = {993ECCA1-5816-4FC6-886A-ECEA3934CFB4}
		{C0D3DEEA-BF42-49A1-8B14-CCA884CF851E} = {C437331D-BF5B-41B6-94C0-AD6BF0981194}
		{75FD8075-2AA8-49D8-982E-F42E72FD3AE4} = {993ECCA1-5816-4FC6-886A-ECEA3934CFB4}
		{ECCEB716-06AB-46A3-A582-32298EBAD5FB} = {75FD8075-2AA8-49D8-982E-F42E72FD3AE4}
		{3FAF31B2-FAB7-4742-9275-859C47190D3F} = {75FD8075-2AA8-49D8-982E-F42E72FD3AE4}
		{6C8AF291-BF7F-4154-9F78-0026CDBEC626} = {75FD8075-2AA8-49D8-982E-F42E72FD3AE4}
		{55902A74-A242-491C-9741-675198973F68} = {75FD8075-2AA8-49D8-982E-F42E72FD3AE4}
		{29AF06BF-B5BA-41E7-B809-94509F066095} = {993ECCA1-5816-4FC6-886A-ECEA3934CFB4}
		{6ED7382D-7518-4425-92E9-25CD397CE8E3} = {29AF06BF-B5BA-41E7-B809-94509F066095}
	EndGlobalSection
	GlobalSection(ExtensibilityGlobals) = postSolution
		SolutionGuid = {DC316DAE-5F52-4EEE-AA8C-7A85E46D7577}
	EndGlobalSection
EndGlobal
